Microsoft Visual Studio Solution File, Format Version 12.00
# Visual Studio Version 17
VisualStudioVersion = 17.5.2.0
MinimumVisualStudioVersion = 10.0.40219.1
Project("{FAE04EC0-301F-11D3-BF4B-00C04F79EFBC}") = "ProductInventoryAPI", "ProductInventoryAPI.csproj", "{CD8EFE23-9505-F220-FEFE-931B456C8314}"
EndProject
Global
	GlobalSection(SolutionConfigurationPlatforms) = preSolution
		Debug|Any CPU = Debug|Any CPU
		Release|Any CPU = Release|Any CPU
	EndGlobalSection
	GlobalSection(ProjectConfigurationPlatforms) = postSolution
		{CD8EFE23-9505-F220-FEFE-931B456C8314}.Debug|Any CPU.ActiveCfg = Debug|Any CPU
		{CD8EFE23-9505-F220-FEFE-931B456C8314}.Debug|Any CPU.Build.0 = Debug|Any CPU
		{CD8EFE23-9505-F220-FEFE-931B456C8314}.Release|Any CPU.ActiveCfg = Release|Any CPU
		{CD8EFE23-9505-F220-FEFE-931B456C8314}.Release|Any CPU.Build.0 = Release|Any CPU
	EndGlobalSection
	GlobalSection(SolutionProperties) = preSolution
		HideSolutionNode = FALSE
	EndGlobalSection
	GlobalSection(ExtensibilityGlobals) = postSolution
		SolutionGuid = {E390BC67-0BF6-4E42-BF14-36180F683CE8}
	EndGlobalSection
EndGlobal
